
Microsoft Visual Studio Solution File, Format Version 12.00
# Visual Studio Version 17
VisualStudioVersion = 17.4.33110.190
MinimumVisualStudioVersion = 10.0.40219.1
Project("{FAE04EC0-301F-11D3-BF4B-00C04F79EFBC}") = "06-Modulo-ClasesStructsRec", "06-Modulo-ClasesStructsRec\06-Modulo-ClasesStructsRec.csproj", "{71B9B1EF-D78D-4263-B67B-C462D00D367E}"
EndProject
Global
	GlobalSection(SolutionConfigurationPlatforms) = preSolution
		Debug|Any CPU = Debug|Any CPU
		Release|Any CPU = Release|Any CPU
	EndGlobalSection
	GlobalSection(ProjectConfigurationPlatforms) = postSolution
		{71B9B1EF-D78D-4263-B67B-C462D00D367E}.Debug|Any CPU.ActiveCfg = Debug|Any CPU
		{71B9B1EF-D78D-4263-B67B-C462D00D367E}.Debug|Any CPU.Build.0 = Debug|Any CPU
		{71B9B1EF-D78D-4263-B67B-C462D00D367E}.Release|Any CPU.ActiveCfg = Release|Any CPU
		{71B9B1EF-D78D-4263-B67B-C462D00D367E}.Release|Any CPU.Build.0 = Release|Any CPU
	EndGlobalSection
	GlobalSection(SolutionProperties) = preSolution
		HideSolutionNode = FALSE
	EndGlobalSection
	GlobalSection(ExtensibilityGlobals) = postSolution
		SolutionGuid = {0EA8859D-8B92-4B50-9343-E069CC4E9B64}
	EndGlobalSection
EndGlobal
