
Microsoft Visual Studio Solution File, Format Version 12.00
# Visual Studio Version 17
VisualStudioVersion = 17.4.33110.190
MinimumVisualStudioVersion = 10.0.40219.1
Project("{FAE04EC0-301F-11D3-BF4B-00C04F79EFBC}") = "05-Modulo-funciones", "05-Modulo-funciones\05-Modulo-funciones.csproj", "{998A810F-6EA6-4990-A070-3E2C18CDEDA4}"
EndProject
Global
	GlobalSection(SolutionConfigurationPlatforms) = preSolution
		Debug|Any CPU = Debug|Any CPU
		Release|Any CPU = Release|Any CPU
	EndGlobalSection
	GlobalSection(ProjectConfigurationPlatforms) = postSolution
		{998A810F-6EA6-4990-A070-3E2C18CDEDA4}.Debug|Any CPU.ActiveCfg = Debug|Any CPU
		{998A810F-6EA6-4990-A070-3E2C18CDEDA4}.Debug|Any CPU.Build.0 = Debug|Any CPU
		{998A810F-6EA6-4990-A070-3E2C18CDEDA4}.Release|Any CPU.ActiveCfg = Release|Any CPU
		{998A810F-6EA6-4990-A070-3E2C18CDEDA4}.Release|Any CPU.Build.0 = Release|Any CPU
	EndGlobalSection
	GlobalSection(SolutionProperties) = preSolution
		HideSolutionNode = FALSE
	EndGlobalSection
	GlobalSection(ExtensibilityGlobals) = postSolution
		SolutionGuid = {8DBBA69F-CED1-4834-8E7C-91AAD253DC45}
	EndGlobalSection
EndGlobal
