
Microsoft Visual Studio Solution File, Format Version 12.00
# Visual Studio Version 16
VisualStudioVersion = 25.0.1703.8
MinimumVisualStudioVersion = 10.0.40219.1
Project("{FAE04EC0-301F-11D3-BF4B-00C04F79EFBC}") = "01-Modulo-Introduccion", "01-Modulo-Introduccion.csproj", "{6B4D5287-21E1-4FC3-AAE5-BE43AA584064}"
EndProject
Global
	GlobalSection(SolutionConfigurationPlatforms) = preSolution
		Debug|Any CPU = Debug|Any CPU
		Release|Any CPU = Release|Any CPU
	EndGlobalSection
	GlobalSection(ProjectConfigurationPlatforms) = postSolution
		{6B4D5287-21E1-4FC3-AAE5-BE43AA584064}.Debug|Any CPU.ActiveCfg = Debug|Any CPU
		{6B4D5287-21E1-4FC3-AAE5-BE43AA584064}.Debug|Any CPU.Build.0 = Debug|Any CPU
		{6B4D5287-21E1-4FC3-AAE5-BE43AA584064}.Release|Any CPU.ActiveCfg = Release|Any CPU
		{6B4D5287-21E1-4FC3-AAE5-BE43AA584064}.Release|Any CPU.Build.0 = Release|Any CPU
	EndGlobalSection
	GlobalSection(SolutionProperties) = preSolution
		HideSolutionNode = FALSE
	EndGlobalSection
	GlobalSection(ExtensibilityGlobals) = postSolution
		SolutionGuid = {EF240F0B-7499-42C3-A6B8-7BBD5D713F69}
	EndGlobalSection
EndGlobal
