
Microsoft Visual Studio Solution File, Format Version 12.00
# Visual Studio Version 16
VisualStudioVersion = 25.0.1704.2
MinimumVisualStudioVersion = 10.0.40219.1
Project("{FAE04EC0-301F-11D3-BF4B-00C04F79EFBC}") = "10-Modulo-Linq", "10-Modulo-Linq\10-Modulo-Linq.csproj", "{AF9CC2B9-6009-4C58-81B0-EE9B5F6495A6}"
EndProject
Global
	GlobalSection(SolutionConfigurationPlatforms) = preSolution
		Debug|Any CPU = Debug|Any CPU
		Release|Any CPU = Release|Any CPU
	EndGlobalSection
	GlobalSection(ProjectConfigurationPlatforms) = postSolution
		{AF9CC2B9-6009-4C58-81B0-EE9B5F6495A6}.Debug|Any CPU.ActiveCfg = Debug|Any CPU
		{AF9CC2B9-6009-4C58-81B0-EE9B5F6495A6}.Debug|Any CPU.Build.0 = Debug|Any CPU
		{AF9CC2B9-6009-4C58-81B0-EE9B5F6495A6}.Release|Any CPU.ActiveCfg = Release|Any CPU
		{AF9CC2B9-6009-4C58-81B0-EE9B5F6495A6}.Release|Any CPU.Build.0 = Release|Any CPU
	EndGlobalSection
	GlobalSection(SolutionProperties) = preSolution
		HideSolutionNode = FALSE
	EndGlobalSection
	GlobalSection(ExtensibilityGlobals) = postSolution
		SolutionGuid = {DC6D9DC6-DDB9-47D9-BFAC-F4098CCD8ECC}
	EndGlobalSection
EndGlobal
